
Microsoft Visual Studio Solution File, Format Version 11.00
# Visual Studio 2010
Project("{FAE04EC0-301F-11D3-BF4B-00C04F79EFBC}") = "Assembly-CSharp", "Assembly-CSharp.csproj", "{D59A9C0B-6F12-1CBA-1667-9AAB90DD7F57}"
EndProject
Project("{FAE04EC0-301F-11D3-BF4B-00C04F79EFBC}") = "Assembly-CSharp-firstpass", "Assembly-CSharp-firstpass.csproj", "{CACE348B-A8ED-3902-3C3F-FAF188C31BE6}"
EndProject
Project("{FAE04EC0-301F-11D3-BF4B-00C04F79EFBC}") = "Assembly-CSharp-Editor-firstpass", "Assembly-CSharp-Editor-firstpass.csproj", "{FC46AB5D-4D60-DFC4-D562-B1FB6976D1B9}"
EndProject
Project("{FAE04EC0-301F-11D3-BF4B-00C04F79EFBC}") = "Assembly-CSharp-Editor", "Assembly-CSharp-Editor.csproj", "{8A3D2D4A-B807-DD88-7F54-663B62D353AB}"
EndProject
Global
	GlobalSection(SolutionConfigurationPlatforms) = preSolution
		Debug|Any CPU = Debug|Any CPU
		Release|Any CPU = Release|Any CPU
	EndGlobalSection
	GlobalSection(ProjectConfigurationPlatforms) = postSolution
		{D59A9C0B-6F12-1CBA-1667-9AAB90DD7F57}.Debug|Any CPU.ActiveCfg = Debug|Any CPU
		{D59A9C0B-6F12-1CBA-1667-9AAB90DD7F57}.Debug|Any CPU.Build.0 = Debug|Any CPU
		{D59A9C0B-6F12-1CBA-1667-9AAB90DD7F57}.Release|Any CPU.ActiveCfg = Release|Any CPU
		{D59A9C0B-6F12-1CBA-1667-9AAB90DD7F57}.Release|Any CPU.Build.0 = Release|Any CPU
		{CACE348B-A8ED-3902-3C3F-FAF188C31BE6}.Debug|Any CPU.ActiveCfg = Debug|Any CPU
		{CACE348B-A8ED-3902-3C3F-FAF188C31BE6}.Debug|Any CPU.Build.0 = Debug|Any CPU
		{CACE348B-A8ED-3902-3C3F-FAF188C31BE6}.Release|Any CPU.ActiveCfg = Release|Any CPU
		{CACE348B-A8ED-3902-3C3F-FAF188C31BE6}.Release|Any CPU.Build.0 = Release|Any CPU
		{FC46AB5D-4D60-DFC4-D562-B1FB6976D1B9}.Debug|Any CPU.ActiveCfg = Debug|Any CPU
		{FC46AB5D-4D60-DFC4-D562-B1FB6976D1B9}.Debug|Any CPU.Build.0 = Debug|Any CPU
		{FC46AB5D-4D60-DFC4-D562-B1FB6976D1B9}.Release|Any CPU.ActiveCfg = Release|Any CPU
		{FC46AB5D-4D60-DFC4-D562-B1FB6976D1B9}.Release|Any CPU.Build.0 = Release|Any CPU
		{8A3D2D4A-B807-DD88-7F54-663B62D353AB}.Debug|Any CPU.ActiveCfg = Debug|Any CPU
		{8A3D2D4A-B807-DD88-7F54-663B62D353AB}.Debug|Any CPU.Build.0 = Debug|Any CPU
		{8A3D2D4A-B807-DD88-7F54-663B62D353AB}.Release|Any CPU.ActiveCfg = Release|Any CPU
		{8A3D2D4A-B807-DD88-7F54-663B62D353AB}.Release|Any CPU.Build.0 = Release|Any CPU
	EndGlobalSection
	GlobalSection(SolutionProperties) = preSolution
		HideSolutionNode = FALSE
	EndGlobalSection
EndGlobal
